{
  "lockfile_version": "1",
  "packages": {
    "air@latest": {
      "last_modified": "2026-02-10T02:06:53Z",
      "resolved": "github:NixOS/nixpkgs/49d75834011c94a120a9cb874ac1c4d8b7bfc767#air",
      "source": "devbox-search",
      "version": "1.64.5",
      "systems": {
        "aarch64-darwin": {
          "outputs": [
            {
              "name": "out",
              "path": "/nix/store/f7zpcq6i7qpcbldzgqfyw0wp9v5254ma-air-1.64.5",
              "default": true
            }
          ],
          "store_path": "/nix/store/f7zpcq6i7qpcbldzgqfyw0wp9v5254ma-air-1.64.5"
        },
        "aarch64-linux": {
          "outputs": [
            {
              "name": "out",
              "path": "/nix/store/fcn70hzzjx94bgmz0851sibk6s3qhdi0-air-1.64.5",
              "default": true
            }
          ],
          "store_path": "/nix/store/fcn70hzzjx94bgmz0851sibk6s3qhdi0-air-1.64.5"
        },
        "x86_64-darwin": {
          "outputs": [
            {
              "name": "out",
              "path": "/nix/store/wp42iiazjlszawvvwcz7j46pvjjr7cc6-air-1.64.5",
              "default": true
            }
          ],
          "store_path": "/nix/store/wp42iiazjlszawvvwcz7j46pvjjr7cc6-air-1.64.5"
        },
        "x86_64-linux": {
          "outputs": [
            {
              "name": "out",
              "path": "/nix/store/c28iqhzy8ywgh7dawwh1kzyb2spkxnbm-air-1.64.5",
              "default": true
            }
          ],
          "store_path": "/nix/store/c28iqhzy8ywgh7dawwh1kzyb2spkxnbm-air-1.64.5"
        }
      }
    },
    "github:NixOS/nixpkgs/nixpkgs-unstable": {
      "last_modified": "2026-02-16T02:09:13Z",
      "resolved": "github:NixOS/nixpkgs/d1c15b7d5806069da59e819999d70e1cec0760bf?lastModified=1771207753"
    },
    "go-migrate@latest": {
      "last_modified": "2026-01-23T17:20:52Z",
      "resolved": "github:NixOS/nixpkgs/a1bab9e494f5f4939442a57a58d0449a109593fe#go-migrate",
      "source": "devbox-search",
      "version": "4.19.1",
      "systems": {
        "aarch64-darwin": {
          "outputs": [
            {
              "name": "out",
              "path": "/nix/store/w2mdqix2f1jissfs9ckmf7gj2grnl3cx-go-migrate-4.19.1",
              "default": true
            }
          ],
          "store_path": "/nix/store/w2mdqix2f1jissfs9ckmf7gj2grnl3cx-go-migrate-4.19.1"
        },
        "aarch64-linux": {
          "outputs": [
            {
              "name": "out",
              "path": "/nix/store/x3jq05lm0a5ymx6l7x57zrhihmyf6fdg-go-migrate-4.19.1",
              "default": true
            }
          ],
          "store_path": "/nix/store/x3jq05lm0a5ymx6l7x57zrhihmyf6fdg-go-migrate-4.19.1"
        },
        "x86_64-darwin": {
          "outputs": [
            {
              "name": "out",
              "path": "/nix/store/w4nycphjbx81i7n4ddnf9bcjfxaw45qw-go-migrate-4.19.1",
              "default": true
            }
          ],
          "store_path": "/nix/store/w4nycphjbx81i7n4ddnf9bcjfxaw45qw-go-migrate-4.19.1"
        },
        "x86_64-linux": {
          "outputs": [
            {
              "name": "out",
              "path": "/nix/store/k169g6251dkvi0501pbxn7djwq1i4ba5-go-migrate-4.19.1",
              "default": true
            }
          ],
          "store_path": "/nix/store/k169g6251dkvi0501pbxn7djwq1i4ba5-go-migrate-4.19.1"
        }
      }
    },
    "go@1.26": {
      "last_modified": "2026-02-11T12:16:34Z",
      "resolved": "github:NixOS/nixpkgs/8482c7ded03bae7550f3d69884f1e611e3bd19e8#go_1_26",
      "source": "devbox-search",
      "version": "1.26.0",
      "systems": {
        "aarch64-darwin": {
          "outputs": [
            {
              "name": "out",
              "path": "/nix/store/sz1ry9vf187bzdvsalla73ycxwfjv3pq-go-1.26.0",
              "default": true
            }
          ],
          "store_path": "/nix/store/sz1ry9vf187bzdvsalla73ycxwfjv3pq-go-1.26.0"
        },
        "aarch64-linux": {
          "outputs": [
            {
              "name": "out",
              "path": "/nix/store/1wl6q7df9z3p8gambi2ndp5s5igr4h61-go-1.26.0",
              "default": true
            }
          ],
          "store_path": "/nix/store/1wl6q7df9z3p8gambi2ndp5s5igr4h61-go-1.26.0"
        },
        "x86_64-darwin": {
          "outputs": [
            {
              "name": "out",
              "path": "/nix/store/r5bwcb31acswg4nirdblmz1zzkci6bj3-go-1.26.0",
              "default": true
            }
          ],
          "store_path": "/nix/store/r5bwcb31acswg4nirdblmz1zzkci6bj3-go-1.26.0"
        },
        "x86_64-linux": {
          "outputs": [
            {
              "name": "out",
              "path": "/nix/store/kgwkx0l54snkkgzbmg8cw89i1g8v1dqw-go-1.26.0",
              "default": true
            }
          ],
          "store_path": "/nix/store/kgwkx0l54snkkgzbmg8cw89i1g8v1dqw-go-1.26.0"
        }
      }
    },
    "golangci-lint@latest": {
      "last_modified": "2026-02-11T21:01:36Z",
      "resolved": "github:NixOS/nixpkgs/2343bbb58f99267223bc2aac4fc9ea301a155a16#golangci-lint",
      "source": "devbox-search",
      "version": "2.9.0",
      "systems": {
        "aarch64-darwin": {
          "outputs": [
            {
              "name": "out",
              "path": "/nix/store/d58cy4knp90177kgyjw76qlgxwrmz39r-golangci-lint-2.9.0",
              "default": true
            }
          ],
          "store_path": "/nix/store/d58cy4knp90177kgyjw76qlgxwrmz39r-golangci-lint-2.9.0"
        },
        "aarch64-linux": {
          "outputs": [
            {
              "name": "out",
              "path": "/nix/store/0pmkfq41ay1hdz64lkvfqxyfd41ir1k6-golangci-lint-2.9.0",
              "default": true
            }
          ],
          "store_path": "/nix/store/0pmkfq41ay1hdz64lkvfqxyfd41ir1k6-golangci-lint-2.9.0"
        },
        "x86_64-darwin": {
          "outputs": [
            {
              "name": "out",
              "path": "/nix/store/c2aa1drrmj4ahhcg87nm2arlh9gv4s5y-golangci-lint-2.9.0",
              "default": true
            }
          ],
          "store_path": "/nix/store/c2aa1drrmj4ahhcg87nm2arlh9gv4s5y-golangci-lint-2.9.0"
        },
        "x86_64-linux": {
          "outputs": [
            {
              "name": "out",
              "path": "/nix/store/z4hziw97m0z1zlrn27pyk53s13czn1gi-golangci-lint-2.9.0",
              "default": true
            }
          ],
          "store_path": "/nix/store/z4hziw97m0z1zlrn27pyk53s13czn1gi-golangci-lint-2.9.0"
        }
      }
    },
    "nodejs@24": {
      "last_modified": "2025-12-27T12:56:01Z",
      "plugin_version": "0.0.2",
      "resolved": "github:NixOS/nixpkgs/3edc4a30ed3903fdf6f90c837f961fa6b49582d1#nodejs_24",
      "source": "devbox-search",
      "version": "24.12.0",
      "systems": {
        "aarch64-darwin": {
          "outputs": [
            {
              "name": "out",
              "path": "/nix/store/b1h0af3yb3z9jz048phclcqw6ihiww67-nodejs-24.12.0",
              "default": true
            },
            {
              "name": "dev",
              "path": "/nix/store/ksn4nj0nbp0ikmh4scy9x4biqqdswwhy-nodejs-24.12.0-dev"
            },
            {
              "name": "libv8",
              "path": "/nix/store/3x72bm7l30ib7l7cximrp0sklcq8jqwy-nodejs-24.12.0-libv8"
            }
          ],
          "store_path": "/nix/store/b1h0af3yb3z9jz048phclcqw6ihiww67-nodejs-24.12.0"
        },
        "aarch64-linux": {
          "outputs": [
            {
              "name": "out",
              "path": "/nix/store/9jfsyhcr9c6rpm94lrkibv75jkggvwss-nodejs-24.12.0",
              "default": true
            },
            {
              "name": "dev",
              "path": "/nix/store/7izhv9x1yvsmyrhmmyps6bxjjclajm80-nodejs-24.12.0-dev"
            },
            {
              "name": "libv8",
              "path": "/nix/store/8hl74pnc1qyz68rg10ixw7fz32hcxqkk-nodejs-24.12.0-libv8"
            }
          ],
          "store_path": "/nix/store/9jfsyhcr9c6rpm94lrkibv75jkggvwss-nodejs-24.12.0"
        },
        "x86_64-darwin": {
          "outputs": [
            {
              "name": "out",
              "path": "/nix/store/cj1243xswxvnwgifyiyg8axhn0r2vl48-nodejs-24.12.0",
              "default": true
            },
            {
              "name": "dev",
              "path": "/nix/store/kzia3rkaf9vwpn3py23q9v49jpjm6zx7-nodejs-24.12.0-dev"
            },
            {
              "name": "libv8",
              "path": "/nix/store/xszji81xj7ghjhz7jk0jkhb84nfwyd8f-nodejs-24.12.0-libv8"
            }
          ],
          "store_path": "/nix/store/cj1243xswxvnwgifyiyg8axhn0r2vl48-nodejs-24.12.0"
        },
        "x86_64-linux": {
          "outputs": [
            {
              "name": "out",
              "path": "/nix/store/9z1v3wyrxp6fpyzw21lcakd5w7aknzyc-nodejs-24.12.0",
              "default": true
            },
            {
              "name": "libv8",
              "path": "/nix/store/5yvx909wlis13qd2y1ahwl7ij21ma69a-nodejs-24.12.0-libv8"
            },
            {
              "name": "dev",
              "path": "/nix/store/7ll99p08gmpg0n048669p80zjibl5akr-nodejs-24.12.0-dev"
            }
          ],
          "store_path": "/nix/store/9z1v3wyrxp6fpyzw21lcakd5w7aknzyc-nodejs-24.12.0"
        }
      }
    },
    "postgresql@17.8": {
      "last_modified": "2026-02-16T02:09:13Z",
      "plugin_version": "0.0.2",
      "resolved": "github:NixOS/nixpkgs/d1c15b7d5806069da59e819999d70e1cec0760bf#postgresql",
      "source": "devbox-search",
      "version": "17.8",
      "systems": {
        "aarch64-darwin": {
          "outputs": [
            {
              "name": "out",
              "path": "/nix/store/gmf9f90r0w7d28nb94fsg06pc1xyv16i-postgresql-17.8",
              "default": true
            },
            {
              "name": "man",
              "path": "/nix/store/pk4xl9hxl0f1bwvi8366vdych1mh7lcb-postgresql-17.8-man",
              "default": true
            },
            {
              "name": "doc",
              "path": "/nix/store/840ap2m6425z6l5lwzm6fbbcbg02g0ni-postgresql-17.8-doc"
            },
            {
              "name": "jit",
              "path": "/nix/store/xjr22nzxa08zm0fgd6f6n4v79nga7sar-postgresql-17.8-jit"
            },
            {
              "name": "plperl",
              "path": "/nix/store/ylc0ybmna90ziq7s8bd7x4bnq2rw8ss0-postgresql-17.8-plperl"
            },
            {
              "name": "plpython3",
              "path": "/nix/store/yic297w544274q1awg8hydvbkdmawq60-postgresql-17.8-plpython3"
            },
            {
              "name": "pltcl",
              "path": "/nix/store/acyjgwi03f5raczk8g1bdx5v8n5sbrkh-postgresql-17.8-pltcl"
            },
            {
              "name": "dev",
              "path": "/nix/store/glwc4pxs0k7kg6bwkvy3rmmrr3ily7pn-postgresql-17.8-dev"
            },
            {
              "name": "lib",
              "path": "/nix/store/qfkrc90p8g40rv86knkbkaxxzh8yvgir-postgresql-17.8-lib"
            }
          ],
          "store_path": "/nix/store/gmf9f90r0w7d28nb94fsg06pc1xyv16i-postgresql-17.8"
        },
        "aarch64-linux": {
          "outputs": [
            {
              "name": "out",
              "path": "/nix/store/rym2ysf0hvw5qa0bkwnics93g5x99xp9-postgresql-17.8",
              "default": true
            },
            {
              "name": "man",
              "path": "/nix/store/23r46h76kb6xjr87hxi458ajar9lwdnn-postgresql-17.8-man",
              "default": true
            },
            {
              "name": "dev",
              "path": "/nix/store/h6vgsx8l66q4v5dq5jsf1qs1bk1a607n-postgresql-17.8-dev"
            },
            {
              "name": "jit",
              "path": "/nix/store/sp8mqdhyak52p128vgff5hjp53jrkwci-postgresql-17.8-jit"
            },
            {
              "name": "lib",
              "path": "/nix/store/knqip1nv8yq62jpz8sgsgyb89zpfnyvz-postgresql-17.8-lib"
            },
            {
              "name": "plperl",
              "path": "/nix/store/ycdgnrc6xs5952y8dcwhbhxwkxcffiik-postgresql-17.8-plperl"
            },
            {
              "name": "pltcl",
              "path": "/nix/store/fxqkrb7cis6c2lskiwh6ay3k0fwx6hrm-postgresql-17.8-pltcl"
            },
            {
              "name": "doc",
              "path": "/nix/store/kdwb1pj9mg55mg9fqy2dymlclpzrh51k-postgresql-17.8-doc"
            },
            {
              "name": "plpython3",
              "path": "/nix/store/pxiifl0dfaxizxirzwdih1wgb2y0nn9f-postgresql-17.8-plpython3"
            },
            {
              "name": "debug",
              "path": "/nix/store/pf92xiyk3m36ypxhrnp5vba3hhy9d5w0-postgresql-17.8-debug"
            }
          ],
          "store_path": "/nix/store/rym2ysf0hvw5qa0bkwnics93g5x99xp9-postgresql-17.8"
        },
        "x86_64-darwin": {
          "outputs": [
            {
              "name": "out",
              "path": "/nix/store/mbmi9hz3am16zz11s2wrv1grb8h97qx1-postgresql-17.8",
              "default": true
            },
            {
              "name": "man",
              "path": "/nix/store/wcxnhv8fhlkb5hdl0q1f8473s5g1q4cp-postgresql-17.8-man",
              "default": true
            },
            {
              "name": "doc",
              "path": "/nix/store/fl0mzzgpn2f5fzk7xlz1rsaaqb40pz0b-postgresql-17.8-doc"
            },
            {
              "name": "plperl",
              "path": "/nix/store/jny44pl33rvvylvicwv5wr5gbg7qy7bp-postgresql-17.8-plperl"
            },
            {
              "name": "pltcl",
              "path": "/nix/store/7qpgyc9yikfazma1fs1ppnrlh5wn4d41-postgresql-17.8-pltcl"
            },
            {
              "name": "dev",
              "path": "/nix/store/wg3qy78lg0xc6w3zkb78zdsmjiryqlf7-postgresql-17.8-dev"
            },
            {
              "name": "jit",
              "path": "/nix/store/5y8pg1n56l15hh9bfim3k4a3ya25cxkf-postgresql-17.8-jit"
            },
            {
              "name": "lib",
              "path": "/nix/store/85dbd6ssy4klflfqajjw1snm2bx3mdaj-postgresql-17.8-lib"
            },
            {
              "name": "plpython3",
              "path": "/nix/store/r3kqx8q932szki1hljb89f5azqhfjgl3-postgresql-17.8-plpython3"
            }
          ],
          "store_path": "/nix/store/mbmi9hz3am16zz11s2wrv1grb8h97qx1-postgresql-17.8"
        },
        "x86_64-linux": {
          "outputs": [
            {
              "name": "out",
              "path": "/nix/store/lf6dw5r8jf05lx3gjqnm3z98zl0whhi6-postgresql-17.8",
              "default": true
            },
            {
              "name": "man",
              "path": "/nix/store/6f2rj2plh8f5l6rjh78ram6wg91rkhp5-postgresql-17.8-man",
              "default": true
            },
            {
              "name": "doc",
              "path": "/nix/store/px998ibirkr0xcfbnhqkyglfwvi3pfrw-postgresql-17.8-doc"
            },
            {
              "name": "jit",
              "path": "/nix/store/psi6c9pn0y8bvzs19kidhafx31v1768r-postgresql-17.8-jit"
            },
            {
              "name": "lib",
              "path": "/nix/store/p2jqgd0lpkgs23jh0i9vssx5zz70kvds-postgresql-17.8-lib"
            },
            {
              "name": "plperl",
              "path": "/nix/store/1cyq4ss8ka7jdz41nrp07ww3z1zlmy2j-postgresql-17.8-plperl"
            },
            {
              "name": "plpython3",
              "path": "/nix/store/dvns08sjwplp42y80q6j6gii8xz4fyq4-postgresql-17.8-plpython3"
            },
            {
              "name": "pltcl",
              "path": "/nix/store/8q9f07yfn01ca565l2i0rr2sw8s26zxc-postgresql-17.8-pltcl"
            },
            {
              "name": "debug",
              "path": "/nix/store/2f72vnamv238rb9llard6qgq5krgn0y1-postgresql-17.8-debug"
            },
            {
              "name": "dev",
              "path": "/nix/store/9mr7iifwb599bbcy4ald4js6khd16nsv-postgresql-17.8-dev"
            }
          ],
          "store_path": "/nix/store/lf6dw5r8jf05lx3gjqnm3z98zl0whhi6-postgresql-17.8"
        }
      }
    },
    "redis@8.2.3": {
      "last_modified": "2026-01-23T17:20:52Z",
      "plugin_version": "0.0.2",
      "resolved": "github:NixOS/nixpkgs/a1bab9e494f5f4939442a57a58d0449a109593fe#redis",
      "source": "devbox-search",
      "version": "8.2.3",
      "systems": {
        "aarch64-darwin": {
          "outputs": [
            {
              "name": "out",
              "path": "/nix/store/mm3ki4xxh3x6vbvv4494i6i96q2d2hkn-redis-8.2.3",
              "default": true
            }
          ],
          "store_path": "/nix/store/mm3ki4xxh3x6vbvv4494i6i96q2d2hkn-redis-8.2.3"
        },
        "aarch64-linux": {
          "outputs": [
            {
              "name": "out",
              "path": "/nix/store/z9bp2clw7p1hpf6zr434qzlad84pb738-redis-8.2.3",
              "default": true
            }
          ],
          "store_path": "/nix/store/z9bp2clw7p1hpf6zr434qzlad84pb738-redis-8.2.3"
        },
        "x86_64-darwin": {
          "outputs": [
            {
              "name": "out",
              "path": "/nix/store/5mrw7f1pwrw5jgqbvzr6px5dvh0fi6b5-redis-8.2.3",
              "default": true
            }
          ],
          "store_path": "/nix/store/5mrw7f1pwrw5jgqbvzr6px5dvh0fi6b5-redis-8.2.3"
        },
        "x86_64-linux": {
          "outputs": [
            {
              "name": "out",
              "path": "/nix/store/0s74mlr34pvblfcci0cwi5qzisk830cc-redis-8.2.3",
              "default": true
            }
          ],
          "store_path": "/nix/store/0s74mlr34pvblfcci0cwi5qzisk830cc-redis-8.2.3"
        }
      }
    },
    "sqlc@latest": {
      "last_modified": "2026-01-23T17:20:52Z",
      "resolved": "github:NixOS/nixpkgs/a1bab9e494f5f4939442a57a58d0449a109593fe#sqlc",
      "source": "devbox-search",
      "version": "1.30.0",
      "systems": {
        "aarch64-darwin": {
          "outputs": [
            {
              "name": "out",
              "path": "/nix/store/qgjcidsrjy1mslwxnqhwhs5gy8xm3snp-sqlc-1.30.0",
              "default": true
            }
          ],
          "store_path": "/nix/store/qgjcidsrjy1mslwxnqhwhs5gy8xm3snp-sqlc-1.30.0"
        },
        "aarch64-linux": {
          "outputs": [
            {
              "name": "out",
              "path": "/nix/store/7vsd22njzj81y27cqzc3d2sd828xh8xj-sqlc-1.30.0",
              "default": true
            }
          ],
          "store_path": "/nix/store/7vsd22njzj81y27cqzc3d2sd828xh8xj-sqlc-1.30.0"
        },
        "x86_64-darwin": {
          "outputs": [
            {
              "name": "out",
              "path": "/nix/store/ra8x4wa0qcf07hf8rf2ajic3rw2rqnr1-sqlc-1.30.0",
              "default": true
            }
          ],
          "store_path": "/nix/store/ra8x4wa0qcf07hf8rf2ajic3rw2rqnr1-sqlc-1.30.0"
        },
        "x86_64-linux": {
          "outputs": [
            {
              "name": "out",
              "path": "/nix/store/pq02xbrf1992631zlynbki21amyv5agb-sqlc-1.30.0",
              "default": true
            }
          ],
          "store_path": "/nix/store/pq02xbrf1992631zlynbki21amyv5agb-sqlc-1.30.0"
        }
      }
    }
  }
}
